
Microsoft Visual Studio Solution File, Format Version 12.00
# Visual Studio Version 16
VisualStudioVersion = 16.0.29509.3
MinimumVisualStudioVersion = 10.0.40219.1
Project("{FAE04EC0-301F-11D3-BF4B-00C04F79EFBC}") = "iMask", "iMask.csproj", "{C95C91D8-6488-4AA5-AA13-5FE4E58DEC50}"
EndProject
Global
	GlobalSection(SolutionConfigurationPlatforms) = preSolution
		Debug|Any CPU = Debug|Any CPU
		Release|Any CPU = Release|Any CPU
	EndGlobalSection
	GlobalSection(ProjectConfigurationPlatforms) = postSolution
		{C95C91D8-6488-4AA5-AA13-5FE4E58DEC50}.Debug|Any CPU.ActiveCfg = Debug|Any CPU
		{C95C91D8-6488-4AA5-AA13-5FE4E58DEC50}.Debug|Any CPU.Build.0 = Debug|Any CPU
		{C95C91D8-6488-4AA5-AA13-5FE4E58DEC50}.Release|Any CPU.ActiveCfg = Release|Any CPU
		{C95C91D8-6488-4AA5-AA13-5FE4E58DEC50}.Release|Any CPU.Build.0 = Release|Any CPU
	EndGlobalSection
	GlobalSection(SolutionProperties) = preSolution
		HideSolutionNode = FALSE
	EndGlobalSection
	GlobalSection(ExtensibilityGlobals) = postSolution
		SolutionGuid = {D27C3B2E-80B2-489C-8AE3-9C5428A5131E}
	EndGlobalSection
EndGlobal
